
Microsoft Visual Studio Solution File, Format Version 12.00
# Visual Studio Version 17
VisualStudioVersion = 17.11.35327.3
MinimumVisualStudioVersion = 10.0.40219.1
Project("{FAE04EC0-301F-11D3-BF4B-00C04F79EFBC}") = "Fibonacci", "Fibonacci\Fibonacci.csproj", "{96A79359-E401-4454-B7F6-F686CE1EE5AF}"
EndProject
Project("{FAE04EC0-301F-11D3-BF4B-00C04F79EFBC}") = "QuantasLetrasA", "QuantasLetrasA\QuantasLetrasA.csproj", "{886DE47D-C165-431C-936A-55A8568F54B4}"
EndProject
Project("{FAE04EC0-301F-11D3-BF4B-00C04F79EFBC}") = "IndiceSoma", "IndiceSoma\IndiceSoma.csproj", "{2241B546-E4D4-4D3B-BD57-2D396708C003}"
EndProject
Global
	GlobalSection(SolutionConfigurationPlatforms) = preSolution
		Debug|Any CPU = Debug|Any CPU
		Release|Any CPU = Release|Any CPU
	EndGlobalSection
	GlobalSection(ProjectConfigurationPlatforms) = postSolution
		{96A79359-E401-4454-B7F6-F686CE1EE5AF}.Debug|Any CPU.ActiveCfg = Debug|Any CPU
		{96A79359-E401-4454-B7F6-F686CE1EE5AF}.Debug|Any CPU.Build.0 = Debug|Any CPU
		{96A79359-E401-4454-B7F6-F686CE1EE5AF}.Release|Any CPU.ActiveCfg = Release|Any CPU
		{96A79359-E401-4454-B7F6-F686CE1EE5AF}.Release|Any CPU.Build.0 = Release|Any CPU
		{886DE47D-C165-431C-936A-55A8568F54B4}.Debug|Any CPU.ActiveCfg = Debug|Any CPU
		{886DE47D-C165-431C-936A-55A8568F54B4}.Debug|Any CPU.Build.0 = Debug|Any CPU
		{886DE47D-C165-431C-936A-55A8568F54B4}.Release|Any CPU.ActiveCfg = Release|Any CPU
		{886DE47D-C165-431C-936A-55A8568F54B4}.Release|Any CPU.Build.0 = Release|Any CPU
		{2241B546-E4D4-4D3B-BD57-2D396708C003}.Debug|Any CPU.ActiveCfg = Debug|Any CPU
		{2241B546-E4D4-4D3B-BD57-2D396708C003}.Debug|Any CPU.Build.0 = Debug|Any CPU
		{2241B546-E4D4-4D3B-BD57-2D396708C003}.Release|Any CPU.ActiveCfg = Release|Any CPU
		{2241B546-E4D4-4D3B-BD57-2D396708C003}.Release|Any CPU.Build.0 = Release|Any CPU
	EndGlobalSection
	GlobalSection(SolutionProperties) = preSolution
		HideSolutionNode = FALSE
	EndGlobalSection
	GlobalSection(ExtensibilityGlobals) = postSolution
		SolutionGuid = {8349A498-C73D-41B3-BE38-EF5A4410A752}
	EndGlobalSection
EndGlobal
